
Microsoft Visual Studio Solution File, Format Version 12.00
# Visual Studio Version 17
VisualStudioVersion = 17.7.34024.191
MinimumVisualStudioVersion = 10.0.40219.1
Project("{FAE04EC0-301F-11D3-BF4B-00C04F79EFBC}") = "OyunDeneme1", "OyunDeneme1\OyunDeneme1.csproj", "{1A18FDA8-7B0F-43EA-8E43-5E4F9838177A}"
EndProject
Global
	GlobalSection(SolutionConfigurationPlatforms) = preSolution
		Debug|Any CPU = Debug|Any CPU
		Release|Any CPU = Release|Any CPU
	EndGlobalSection
	GlobalSection(ProjectConfigurationPlatforms) = postSolution
		{1A18FDA8-7B0F-43EA-8E43-5E4F9838177A}.Debug|Any CPU.ActiveCfg = Debug|Any CPU
		{1A18FDA8-7B0F-43EA-8E43-5E4F9838177A}.Debug|Any CPU.Build.0 = Debug|Any CPU
		{1A18FDA8-7B0F-43EA-8E43-5E4F9838177A}.Release|Any CPU.ActiveCfg = Release|Any CPU
		{1A18FDA8-7B0F-43EA-8E43-5E4F9838177A}.Release|Any CPU.Build.0 = Release|Any CPU
	EndGlobalSection
	GlobalSection(SolutionProperties) = preSolution
		HideSolutionNode = FALSE
	EndGlobalSection
	GlobalSection(ExtensibilityGlobals) = postSolution
		SolutionGuid = {B0786C09-8FCA-4A9E-AD67-3B0DE01081EB}
	EndGlobalSection
EndGlobal
